
Microsoft Visual Studio Solution File, Format Version 12.00
# Visual Studio Version 16
VisualStudioVersion = 16.0.30611.23
MinimumVisualStudioVersion = 10.0.40219.1
Project("{FAE04EC0-301F-11D3-BF4B-00C04F79EFBC}") = "LocalizationBlazor", "LocalizationBlazor\LocalizationBlazor.csproj", "{E93BA7B6-F1D8-49D3-8CB0-396F965AF8FF}"
EndProject
Global
	GlobalSection(SolutionConfigurationPlatforms) = preSolution
		Debug|Any CPU = Debug|Any CPU
		Release|Any CPU = Release|Any CPU
	EndGlobalSection
	GlobalSection(ProjectConfigurationPlatforms) = postSolution
		{E93BA7B6-F1D8-49D3-8CB0-396F965AF8FF}.Debug|Any CPU.ActiveCfg = Debug|Any CPU
		{E93BA7B6-F1D8-49D3-8CB0-396F965AF8FF}.Debug|Any CPU.Build.0 = Debug|Any CPU
		{E93BA7B6-F1D8-49D3-8CB0-396F965AF8FF}.Release|Any CPU.ActiveCfg = Release|Any CPU
		{E93BA7B6-F1D8-49D3-8CB0-396F965AF8FF}.Release|Any CPU.Build.0 = Release|Any CPU
	EndGlobalSection
	GlobalSection(SolutionProperties) = preSolution
		HideSolutionNode = FALSE
	EndGlobalSection
	GlobalSection(ExtensibilityGlobals) = postSolution
		SolutionGuid = {45FBE199-F584-4FA2-AE10-BB6B394F6BB3}
	EndGlobalSection
EndGlobal
